
Microsoft Visual Studio Solution File, Format Version 12.00
# Visual Studio 2017
Project("{FAE04EC0-301F-11D3-BF4B-00C04F79EFBC}") = "UGD-15-EX4", "UGD-15-EX4.csproj", "{ACBCFB40-ED37-FBAB-C86F-7734935C7B32}"
EndProject
Global
	GlobalSection(SolutionConfigurationPlatforms) = preSolution
		Debug|Any CPU = Debug|Any CPU
		Release|Any CPU = Release|Any CPU
	EndGlobalSection
	GlobalSection(ProjectConfigurationPlatforms) = postSolution
		{ACBCFB40-ED37-FBAB-C86F-7734935C7B32}.Debug|Any CPU.ActiveCfg = Debug|Any CPU
		{ACBCFB40-ED37-FBAB-C86F-7734935C7B32}.Debug|Any CPU.Build.0 = Debug|Any CPU
		{ACBCFB40-ED37-FBAB-C86F-7734935C7B32}.Release|Any CPU.ActiveCfg = Release|Any CPU
		{ACBCFB40-ED37-FBAB-C86F-7734935C7B32}.Release|Any CPU.Build.0 = Release|Any CPU
	EndGlobalSection
	GlobalSection(SolutionProperties) = preSolution
		HideSolutionNode = FALSE
	EndGlobalSection
EndGlobal
